{
  "name": "web-media-streamer",
  "version": "1.1.0",
  "lockfileVersion": 1,
  "requires": true,
  "dependencies": {
    "systeminformation": {
      "version": "5.7.7",
      "resolved": "https://registry.npmjs.org/systeminformation/-/systeminformation-5.7.7.tgz",
      "integrity": "sha512-aQ7MBeVI2MKPYOi3YJAoZ45JVlRkBA7IXoqGgtVBamvtE0I6JLOyJzD/VVc9pnMXDb3yqaMwssAjhwtJax4/Rw=="
    },
    "ws": {
      "version": "7.5.3",
      "resolved": "https://registry.npmjs.org/ws/-/ws-7.5.3.tgz",
      "integrity": "sha512-kQ/dHIzuLrS6Je9+uv81ueZomEwH0qVYstcAQ4/Z93K8zeko9gtAbttJWzoC5ukqXY1PpoouV3+VSOqEAFt5wg=="
    }
  }
}
